
Microsoft Visual Studio Solution File, Format Version 12.00
# Visual Studio Version 16
VisualStudioVersion = 16.0.31605.320
MinimumVisualStudioVersion = 10.0.40219.1
Project("{2150E333-8FDC-42A3-9474-1A3956D46DE8}") = "Services", "Services", "{D7EF1C2C-89BD-4F16-A249-FCFD616B0381}"
EndProject
Project("{2150E333-8FDC-42A3-9474-1A3956D46DE8}") = "WebApps", "WebApps", "{40263EBD-9AD1-4646-8B4C-36160E77EE95}"
EndProject
Project("{2150E333-8FDC-42A3-9474-1A3956D46DE8}") = "Catalog", "Catalog", "{C29B827E-3471-4386-B7EF-0A22B5175084}"
EndProject
Project("{2150E333-8FDC-42A3-9474-1A3956D46DE8}") = "Registers", "Registers", "{37A09C18-6FBE-43AD-B8F9-AAC41328A90C}"
EndProject
Project("{2150E333-8FDC-42A3-9474-1A3956D46DE8}") = "Core", "Core", "{7D255922-5877-4E0C-B981-FA058E89BB2A}"
EndProject
Project("{2150E333-8FDC-42A3-9474-1A3956D46DE8}") = "Sales", "Sales", "{0ECDAFD9-F48C-43A2-B5C6-D345FE4007EF}"
EndProject
Project("{2150E333-8FDC-42A3-9474-1A3956D46DE8}") = "Payment", "Payment", "{A46F6622-028C-4562-8DB3-1F20CC8F365E}"
EndProject
Project("{2150E333-8FDC-42A3-9474-1A3956D46DE8}") = "Invoice", "Invoice", "{327D3E47-FD62-446E-B755-64B3C54CBC7B}"
EndProject
Project("{9A19103F-16F7-4668-BE54-9A1E7A4F7556}") = "RssStore.Catalog.Domain", "src\RssStore.Catalog.Domain\RssStore.Catalog.Domain.csproj", "{2F3A0162-294B-4E60-8A5A-CBE94110A540}"
EndProject
Project("{9A19103F-16F7-4668-BE54-9A1E7A4F7556}") = "RssStore.Core", "src\RssStore.Core\RssStore.Core.csproj", "{6B071FD6-E533-4CB2-BCC2-0DE4D1FD7C1F}"
EndProject
Project("{2150E333-8FDC-42A3-9474-1A3956D46DE8}") = "Tests", "Tests", "{9F07A7D1-055D-4A2B-901A-DCBA05047BCA}"
EndProject
Project("{9A19103F-16F7-4668-BE54-9A1E7A4F7556}") = "RssStore.Catalog.Domain.Tests", "tests\RssStore.Catalog.Domain.Tests\RssStore.Catalog.Domain.Tests.csproj", "{F6963815-6DEF-4C6E-B20E-6610827538EF}"
EndProject
Project("{9A19103F-16F7-4668-BE54-9A1E7A4F7556}") = "RssStore.Catalog.Data", "src\RssStore.Catalog.Data\RssStore.Catalog.Data.csproj", "{BA549272-9276-4265-A586-C1F986E5B3CA}"
EndProject
Project("{9A19103F-16F7-4668-BE54-9A1E7A4F7556}") = "RssStore.Catalog.Application", "src\RssStore.Catalog.Application\RssStore.Catalog.Application.csproj", "{A9511A04-FEE0-4A01-B32D-DB6D6932A976}"
EndProject
Project("{9A19103F-16F7-4668-BE54-9A1E7A4F7556}") = "RssStore.WebApp.MVC", "src\RssStore.WebApp.MVC\RssStore.WebApp.MVC.csproj", "{FE34B4D2-6C0E-4F59-969E-05C8C3BE0E1F}"
EndProject
Project("{FAE04EC0-301F-11D3-BF4B-00C04F79EFBC}") = "RssStore.Sales.Domain", "src\RssStore.Sales.Domain\RssStore.Sales.Domain.csproj", "{64F887E2-BF21-43DD-835E-E158E761658C}"
EndProject
Project("{FAE04EC0-301F-11D3-BF4B-00C04F79EFBC}") = "RssStore.Sales.Application", "src\RssStore.Sales.Application\RssStore.Sales.Application.csproj", "{B240A466-A3CB-45C9-B71B-F893011FFED5}"
EndProject
Project("{FAE04EC0-301F-11D3-BF4B-00C04F79EFBC}") = "RssStore.Sales.Data", "src\RssStore.Sales.Data\RssStore.Sales.Data.csproj", "{AB3CFD0A-50C8-4A6E-8CA3-6BF40E4F7B82}"
EndProject
Global
	GlobalSection(SolutionConfigurationPlatforms) = preSolution
		Debug|Any CPU = Debug|Any CPU
		Release|Any CPU = Release|Any CPU
	EndGlobalSection
	GlobalSection(ProjectConfigurationPlatforms) = postSolution
		{2F3A0162-294B-4E60-8A5A-CBE94110A540}.Debug|Any CPU.ActiveCfg = Debug|Any CPU
		{2F3A0162-294B-4E60-8A5A-CBE94110A540}.Debug|Any CPU.Build.0 = Debug|Any CPU
		{2F3A0162-294B-4E60-8A5A-CBE94110A540}.Release|Any CPU.ActiveCfg = Release|Any CPU
		{2F3A0162-294B-4E60-8A5A-CBE94110A540}.Release|Any CPU.Build.0 = Release|Any CPU
		{6B071FD6-E533-4CB2-BCC2-0DE4D1FD7C1F}.Debug|Any CPU.ActiveCfg = Debug|Any CPU
		{6B071FD6-E533-4CB2-BCC2-0DE4D1FD7C1F}.Debug|Any CPU.Build.0 = Debug|Any CPU
		{6B071FD6-E533-4CB2-BCC2-0DE4D1FD7C1F}.Release|Any CPU.ActiveCfg = Release|Any CPU
		{6B071FD6-E533-4CB2-BCC2-0DE4D1FD7C1F}.Release|Any CPU.Build.0 = Release|Any CPU
		{F6963815-6DEF-4C6E-B20E-6610827538EF}.Debug|Any CPU.ActiveCfg = Debug|Any CPU
		{F6963815-6DEF-4C6E-B20E-6610827538EF}.Debug|Any CPU.Build.0 = Debug|Any CPU
		{F6963815-6DEF-4C6E-B20E-6610827538EF}.Release|Any CPU.ActiveCfg = Release|Any CPU
		{F6963815-6DEF-4C6E-B20E-6610827538EF}.Release|Any CPU.Build.0 = Release|Any CPU
		{BA549272-9276-4265-A586-C1F986E5B3CA}.Debug|Any CPU.ActiveCfg = Debug|Any CPU
		{BA549272-9276-4265-A586-C1F986E5B3CA}.Debug|Any CPU.Build.0 = Debug|Any CPU
		{BA549272-9276-4265-A586-C1F986E5B3CA}.Release|Any CPU.ActiveCfg = Release|Any CPU
		{BA549272-9276-4265-A586-C1F986E5B3CA}.Release|Any CPU.Build.0 = Release|Any CPU
		{A9511A04-FEE0-4A01-B32D-DB6D6932A976}.Debug|Any CPU.ActiveCfg = Debug|Any CPU
		{A9511A04-FEE0-4A01-B32D-DB6D6932A976}.Debug|Any CPU.Build.0 = Debug|Any CPU
		{A9511A04-FEE0-4A01-B32D-DB6D6932A976}.Release|Any CPU.ActiveCfg = Release|Any CPU
		{A9511A04-FEE0-4A01-B32D-DB6D6932A976}.Release|Any CPU.Build.0 = Release|Any CPU
		{FE34B4D2-6C0E-4F59-969E-05C8C3BE0E1F}.Debug|Any CPU.ActiveCfg = Debug|Any CPU
		{FE34B4D2-6C0E-4F59-969E-05C8C3BE0E1F}.Debug|Any CPU.Build.0 = Debug|Any CPU
		{FE34B4D2-6C0E-4F59-969E-05C8C3BE0E1F}.Release|Any CPU.ActiveCfg = Release|Any CPU
		{FE34B4D2-6C0E-4F59-969E-05C8C3BE0E1F}.Release|Any CPU.Build.0 = Release|Any CPU
		{64F887E2-BF21-43DD-835E-E158E761658C}.Debug|Any CPU.ActiveCfg = Debug|Any CPU
		{64F887E2-BF21-43DD-835E-E158E761658C}.Debug|Any CPU.Build.0 = Debug|Any CPU
		{64F887E2-BF21-43DD-835E-E158E761658C}.Release|Any CPU.ActiveCfg = Release|Any CPU
		{64F887E2-BF21-43DD-835E-E158E761658C}.Release|Any CPU.Build.0 = Release|Any CPU
		{B240A466-A3CB-45C9-B71B-F893011FFED5}.Debug|Any CPU.ActiveCfg = Debug|Any CPU
		{B240A466-A3CB-45C9-B71B-F893011FFED5}.Debug|Any CPU.Build.0 = Debug|Any CPU
		{B240A466-A3CB-45C9-B71B-F893011FFED5}.Release|Any CPU.ActiveCfg = Release|Any CPU
		{B240A466-A3CB-45C9-B71B-F893011FFED5}.Release|Any CPU.Build.0 = Release|Any CPU
		{AB3CFD0A-50C8-4A6E-8CA3-6BF40E4F7B82}.Debug|Any CPU.ActiveCfg = Debug|Any CPU
		{AB3CFD0A-50C8-4A6E-8CA3-6BF40E4F7B82}.Debug|Any CPU.Build.0 = Debug|Any CPU
		{AB3CFD0A-50C8-4A6E-8CA3-6BF40E4F7B82}.Release|Any CPU.ActiveCfg = Release|Any CPU
		{AB3CFD0A-50C8-4A6E-8CA3-6BF40E4F7B82}.Release|Any CPU.Build.0 = Release|Any CPU
	EndGlobalSection
	GlobalSection(SolutionProperties) = preSolution
		HideSolutionNode = FALSE
	EndGlobalSection
	GlobalSection(NestedProjects) = preSolution
		{C29B827E-3471-4386-B7EF-0A22B5175084} = {D7EF1C2C-89BD-4F16-A249-FCFD616B0381}
		{37A09C18-6FBE-43AD-B8F9-AAC41328A90C} = {D7EF1C2C-89BD-4F16-A249-FCFD616B0381}
		{7D255922-5877-4E0C-B981-FA058E89BB2A} = {D7EF1C2C-89BD-4F16-A249-FCFD616B0381}
		{0ECDAFD9-F48C-43A2-B5C6-D345FE4007EF} = {D7EF1C2C-89BD-4F16-A249-FCFD616B0381}
		{A46F6622-028C-4562-8DB3-1F20CC8F365E} = {D7EF1C2C-89BD-4F16-A249-FCFD616B0381}
		{327D3E47-FD62-446E-B755-64B3C54CBC7B} = {D7EF1C2C-89BD-4F16-A249-FCFD616B0381}
		{2F3A0162-294B-4E60-8A5A-CBE94110A540} = {C29B827E-3471-4386-B7EF-0A22B5175084}
		{6B071FD6-E533-4CB2-BCC2-0DE4D1FD7C1F} = {7D255922-5877-4E0C-B981-FA058E89BB2A}
		{9F07A7D1-055D-4A2B-901A-DCBA05047BCA} = {C29B827E-3471-4386-B7EF-0A22B5175084}
		{F6963815-6DEF-4C6E-B20E-6610827538EF} = {9F07A7D1-055D-4A2B-901A-DCBA05047BCA}
		{BA549272-9276-4265-A586-C1F986E5B3CA} = {C29B827E-3471-4386-B7EF-0A22B5175084}
		{A9511A04-FEE0-4A01-B32D-DB6D6932A976} = {C29B827E-3471-4386-B7EF-0A22B5175084}
		{FE34B4D2-6C0E-4F59-969E-05C8C3BE0E1F} = {40263EBD-9AD1-4646-8B4C-36160E77EE95}
		{64F887E2-BF21-43DD-835E-E158E761658C} = {0ECDAFD9-F48C-43A2-B5C6-D345FE4007EF}
		{B240A466-A3CB-45C9-B71B-F893011FFED5} = {0ECDAFD9-F48C-43A2-B5C6-D345FE4007EF}
		{AB3CFD0A-50C8-4A6E-8CA3-6BF40E4F7B82} = {0ECDAFD9-F48C-43A2-B5C6-D345FE4007EF}
	EndGlobalSection
	GlobalSection(ExtensibilityGlobals) = postSolution
		SolutionGuid = {72EFF05E-7215-4F5E-A0FB-25FB6A534DCD}
	EndGlobalSection
EndGlobal
